
Microsoft Visual Studio Solution File, Format Version 12.00
# Visual Studio Version 16
VisualStudioVersion = 16.0.30011.22
MinimumVisualStudioVersion = 10.0.40219.1
Project("{FAE04EC0-301F-11D3-BF4B-00C04F79EFBC}") = "Fin", "Fin\Fin.csproj", "{E728D7E1-406B-4881-83B6-8EDAF3953CB2}"
EndProject
Project("{FAE04EC0-301F-11D3-BF4B-00C04F79EFBC}") = "Fin.BL", "API.Data\API.Data\Fin.BL.csproj", "{CCD3DCED-017E-4D29-B2EC-FD2A84A6BFAC}"
EndProject
Global
	GlobalSection(SolutionConfigurationPlatforms) = preSolution
		Debug|Any CPU = Debug|Any CPU
		Release|Any CPU = Release|Any CPU
	EndGlobalSection
	GlobalSection(ProjectConfigurationPlatforms) = postSolution
		{E728D7E1-406B-4881-83B6-8EDAF3953CB2}.Debug|Any CPU.ActiveCfg = Debug|Any CPU
		{E728D7E1-406B-4881-83B6-8EDAF3953CB2}.Debug|Any CPU.Build.0 = Debug|Any CPU
		{E728D7E1-406B-4881-83B6-8EDAF3953CB2}.Release|Any CPU.ActiveCfg = Release|Any CPU
		{E728D7E1-406B-4881-83B6-8EDAF3953CB2}.Release|Any CPU.Build.0 = Release|Any CPU
		{CCD3DCED-017E-4D29-B2EC-FD2A84A6BFAC}.Debug|Any CPU.ActiveCfg = Debug|Any CPU
		{CCD3DCED-017E-4D29-B2EC-FD2A84A6BFAC}.Debug|Any CPU.Build.0 = Debug|Any CPU
		{CCD3DCED-017E-4D29-B2EC-FD2A84A6BFAC}.Release|Any CPU.ActiveCfg = Release|Any CPU
		{CCD3DCED-017E-4D29-B2EC-FD2A84A6BFAC}.Release|Any CPU.Build.0 = Release|Any CPU
	EndGlobalSection
	GlobalSection(SolutionProperties) = preSolution
		HideSolutionNode = FALSE
	EndGlobalSection
	GlobalSection(ExtensibilityGlobals) = postSolution
		SolutionGuid = {5BE7B966-6214-4A9D-8808-3EFD464FB78A}
	EndGlobalSection
EndGlobal
